
Microsoft Visual Studio Solution File, Format Version 12.00
# Visual Studio Version 17
VisualStudioVersion = 17.1.32414.318
MinimumVisualStudioVersion = 10.0.40219.1
Project("{FAE04EC0-301F-11D3-BF4B-00C04F79EFBC}") = "coffee-cars-c", "coffee-cars-c.csproj", "{DB471DFC-8521-45BE-8128-298310739C8B}"
EndProject
Global
	GlobalSection(SolutionConfigurationPlatforms) = preSolution
		Debug|Any CPU = Debug|Any CPU
		Release|Any CPU = Release|Any CPU
	EndGlobalSection
	GlobalSection(ProjectConfigurationPlatforms) = postSolution
		{DB471DFC-8521-45BE-8128-298310739C8B}.Debug|Any CPU.ActiveCfg = Debug|Any CPU
		{DB471DFC-8521-45BE-8128-298310739C8B}.Debug|Any CPU.Build.0 = Debug|Any CPU
		{DB471DFC-8521-45BE-8128-298310739C8B}.Release|Any CPU.ActiveCfg = Release|Any CPU
		{DB471DFC-8521-45BE-8128-298310739C8B}.Release|Any CPU.Build.0 = Release|Any CPU
	EndGlobalSection
	GlobalSection(SolutionProperties) = preSolution
		HideSolutionNode = FALSE
	EndGlobalSection
	GlobalSection(ExtensibilityGlobals) = postSolution
		SolutionGuid = {4C4C35D0-8EDA-4DDA-AB3D-59EE087D918F}
	EndGlobalSection
EndGlobal
